
Microsoft Visual Studio Solution File, Format Version 12.00
# Visual Studio Version 17
VisualStudioVersion = 17.3.32825.248
MinimumVisualStudioVersion = 10.0.40219.1
Project("{FAE04EC0-301F-11D3-BF4B-00C04F79EFBC}") = "Dots", "Dots.csproj", "{32068F8B-4D44-4647-9D24-B6D8658FA26A}"
EndProject
Global
	GlobalSection(SolutionConfigurationPlatforms) = preSolution
		Debug|Any CPU = Debug|Any CPU
		Release|Any CPU = Release|Any CPU
	EndGlobalSection
	GlobalSection(ProjectConfigurationPlatforms) = postSolution
		{32068F8B-4D44-4647-9D24-B6D8658FA26A}.Debug|Any CPU.ActiveCfg = Debug|Any CPU
		{32068F8B-4D44-4647-9D24-B6D8658FA26A}.Debug|Any CPU.Build.0 = Debug|Any CPU
		{32068F8B-4D44-4647-9D24-B6D8658FA26A}.Release|Any CPU.ActiveCfg = Release|Any CPU
		{32068F8B-4D44-4647-9D24-B6D8658FA26A}.Release|Any CPU.Build.0 = Release|Any CPU
	EndGlobalSection
	GlobalSection(SolutionProperties) = preSolution
		HideSolutionNode = FALSE
	EndGlobalSection
	GlobalSection(ExtensibilityGlobals) = postSolution
		SolutionGuid = {679B963D-19C5-460B-9E5B-C76C0502B0E3}
	EndGlobalSection
EndGlobal
